
Microsoft Visual Studio Solution File, Format Version 12.00
# Visual Studio Version 16
VisualStudioVersion = 16.0.810.11
MinimumVisualStudioVersion = 10.0.40219.1
Project("{FAE04EC0-301F-11D3-BF4B-00C04F79EFBC}") = "aisd-projekt-02", "aisd-projekt-02\aisd-projekt-02.csproj", "{734C7105-5D39-4FA2-98E1-2EC07D306FAD}"
EndProject
Global
	GlobalSection(SolutionConfigurationPlatforms) = preSolution
		Debug|Any CPU = Debug|Any CPU
		Release|Any CPU = Release|Any CPU
	EndGlobalSection
	GlobalSection(ProjectConfigurationPlatforms) = postSolution
		{734C7105-5D39-4FA2-98E1-2EC07D306FAD}.Debug|Any CPU.ActiveCfg = Debug|Any CPU
		{734C7105-5D39-4FA2-98E1-2EC07D306FAD}.Debug|Any CPU.Build.0 = Debug|Any CPU
		{734C7105-5D39-4FA2-98E1-2EC07D306FAD}.Release|Any CPU.ActiveCfg = Release|Any CPU
		{734C7105-5D39-4FA2-98E1-2EC07D306FAD}.Release|Any CPU.Build.0 = Release|Any CPU
	EndGlobalSection
	GlobalSection(SolutionProperties) = preSolution
		HideSolutionNode = FALSE
	EndGlobalSection
	GlobalSection(ExtensibilityGlobals) = postSolution
		SolutionGuid = {7BC13764-DF14-4F37-90A5-1E536FF327B5}
	EndGlobalSection
EndGlobal
